
Microsoft Visual Studio Solution File, Format Version 12.00
# Visual Studio 15
VisualStudioVersion = 15.0.28307.779
MinimumVisualStudioVersion = 10.0.40219.1
Project("{FAE04EC0-301F-11D3-BF4B-00C04F79EFBC}") = "SignedArea", "SignedArea\SignedArea.csproj", "{5C550EE6-7ABD-4A2E-9D00-2BF62A8DCEEF}"
EndProject
Project("{FAE04EC0-301F-11D3-BF4B-00C04F79EFBC}") = "ConvexHull", "ConvexHull\ConvexHull.csproj", "{FE995715-3A93-4CBA-B329-7897E82B7F1A}"
EndProject
Project("{FAE04EC0-301F-11D3-BF4B-00C04F79EFBC}") = "TestList", "TestList\TestList.csproj", "{1BE2E859-F992-43DB-A792-1A54EECABFC1}"
EndProject
Global
	GlobalSection(SolutionConfigurationPlatforms) = preSolution
		Debug|Any CPU = Debug|Any CPU
		Release|Any CPU = Release|Any CPU
	EndGlobalSection
	GlobalSection(ProjectConfigurationPlatforms) = postSolution
		{5C550EE6-7ABD-4A2E-9D00-2BF62A8DCEEF}.Debug|Any CPU.ActiveCfg = Debug|Any CPU
		{5C550EE6-7ABD-4A2E-9D00-2BF62A8DCEEF}.Debug|Any CPU.Build.0 = Debug|Any CPU
		{5C550EE6-7ABD-4A2E-9D00-2BF62A8DCEEF}.Release|Any CPU.ActiveCfg = Release|Any CPU
		{5C550EE6-7ABD-4A2E-9D00-2BF62A8DCEEF}.Release|Any CPU.Build.0 = Release|Any CPU
		{FE995715-3A93-4CBA-B329-7897E82B7F1A}.Debug|Any CPU.ActiveCfg = Debug|Any CPU
		{FE995715-3A93-4CBA-B329-7897E82B7F1A}.Debug|Any CPU.Build.0 = Debug|Any CPU
		{FE995715-3A93-4CBA-B329-7897E82B7F1A}.Release|Any CPU.ActiveCfg = Release|Any CPU
		{FE995715-3A93-4CBA-B329-7897E82B7F1A}.Release|Any CPU.Build.0 = Release|Any CPU
		{1BE2E859-F992-43DB-A792-1A54EECABFC1}.Debug|Any CPU.ActiveCfg = Debug|Any CPU
		{1BE2E859-F992-43DB-A792-1A54EECABFC1}.Debug|Any CPU.Build.0 = Debug|Any CPU
		{1BE2E859-F992-43DB-A792-1A54EECABFC1}.Release|Any CPU.ActiveCfg = Release|Any CPU
		{1BE2E859-F992-43DB-A792-1A54EECABFC1}.Release|Any CPU.Build.0 = Release|Any CPU
	EndGlobalSection
	GlobalSection(SolutionProperties) = preSolution
		HideSolutionNode = FALSE
	EndGlobalSection
	GlobalSection(ExtensibilityGlobals) = postSolution
		SolutionGuid = {15C7ADDC-235E-42E4-A1D8-1C1C2F0DE748}
	EndGlobalSection
EndGlobal
